
Microsoft Visual Studio Solution File, Format Version 12.00
# Visual Studio 14
VisualStudioVersion = 14.0.24720.0
MinimumVisualStudioVersion = 10.0.40219.1
Project("{FAE04EC0-301F-11D3-BF4B-00C04F79EFBC}") = "ProviderGenerator", "ProviderGenerator\ProviderGenerator.csproj", "{3A717904-401B-408B-BC3D-B46A8DC510D9}"
EndProject
Project("{2150E333-8FDC-42A3-9474-1A3956D46DE8}") = "Solution Items", "Solution Items", "{6D70A582-524E-47A1-BF4D-A5F55FFC15F2}"
	ProjectSection(SolutionItems) = preProject
		Solution Items\Hl7.Fhir.Core.dll = Solution Items\Hl7.Fhir.Core.dll
		Solution Items\Hl7.Fhir.Specification.dll = Solution Items\Hl7.Fhir.Specification.dll
		Solution Items\MARC.Everest.Connectors.WCF.dll = Solution Items\MARC.Everest.Connectors.WCF.dll
		Solution Items\MARC.Everest.dll = Solution Items\MARC.Everest.dll
		Solution Items\MARC.Everest.Formatters.XML.Datatypes.R1.dll = Solution Items\MARC.Everest.Formatters.XML.Datatypes.R1.dll
		Solution Items\MARC.Everest.Formatters.XML.ITS1.dll = Solution Items\MARC.Everest.Formatters.XML.ITS1.dll
		Solution Items\MARC.Everest.RMIM.CA.R020402.dll = Solution Items\MARC.Everest.RMIM.CA.R020402.dll
		Solution Items\MARC.Everest.RMIM.UV.NE2008.dll = Solution Items\MARC.Everest.RMIM.UV.NE2008.dll
		Solution Items\MARC.HI.EHRS.SVC.Core.dll = Solution Items\MARC.HI.EHRS.SVC.Core.dll
		Solution Items\MohawkCollege.Util.Console.Parameters.dll = Solution Items\MohawkCollege.Util.Console.Parameters.dll
		Solution Items\Newtonsoft.Json.dll = Solution Items\Newtonsoft.Json.dll
		Solution Items\NHapi.Base.dll = Solution Items\NHapi.Base.dll
		Solution Items\NHapi.Model.V231.dll = Solution Items\NHapi.Model.V231.dll
		Solution Items\NHapi.Model.V25.dll = Solution Items\NHapi.Model.V25.dll
	EndProjectSection
EndProject
Project("{FAE04EC0-301F-11D3-BF4B-00C04F79EFBC}") = "ProviderGenerator.Core", "ProviderGenerator.Core\ProviderGenerator.Core.csproj", "{C0C90B48-FC3D-4488-8659-079C0C89A047}"
EndProject
Project("{FAE04EC0-301F-11D3-BF4B-00C04F79EFBC}") = "ProviderGenerator.HL7v3", "ProviderGenerator.HL7v3\ProviderGenerator.HL7v3.csproj", "{9B894FAD-B111-4AEA-96F8-4D8FD13DC26F}"
EndProject
Global
	GlobalSection(SolutionConfigurationPlatforms) = preSolution
		Debug|Any CPU = Debug|Any CPU
		Release|Any CPU = Release|Any CPU
	EndGlobalSection
	GlobalSection(ProjectConfigurationPlatforms) = postSolution
		{3A717904-401B-408B-BC3D-B46A8DC510D9}.Debug|Any CPU.ActiveCfg = Debug|Any CPU
		{3A717904-401B-408B-BC3D-B46A8DC510D9}.Debug|Any CPU.Build.0 = Debug|Any CPU
		{3A717904-401B-408B-BC3D-B46A8DC510D9}.Release|Any CPU.ActiveCfg = Release|Any CPU
		{3A717904-401B-408B-BC3D-B46A8DC510D9}.Release|Any CPU.Build.0 = Release|Any CPU
		{C0C90B48-FC3D-4488-8659-079C0C89A047}.Debug|Any CPU.ActiveCfg = Debug|Any CPU
		{C0C90B48-FC3D-4488-8659-079C0C89A047}.Debug|Any CPU.Build.0 = Debug|Any CPU
		{C0C90B48-FC3D-4488-8659-079C0C89A047}.Release|Any CPU.ActiveCfg = Release|Any CPU
		{C0C90B48-FC3D-4488-8659-079C0C89A047}.Release|Any CPU.Build.0 = Release|Any CPU
		{9B894FAD-B111-4AEA-96F8-4D8FD13DC26F}.Debug|Any CPU.ActiveCfg = Debug|Any CPU
		{9B894FAD-B111-4AEA-96F8-4D8FD13DC26F}.Debug|Any CPU.Build.0 = Debug|Any CPU
		{9B894FAD-B111-4AEA-96F8-4D8FD13DC26F}.Release|Any CPU.ActiveCfg = Release|Any CPU
		{9B894FAD-B111-4AEA-96F8-4D8FD13DC26F}.Release|Any CPU.Build.0 = Release|Any CPU
	EndGlobalSection
	GlobalSection(SolutionProperties) = preSolution
		HideSolutionNode = FALSE
	EndGlobalSection
EndGlobal
